
Microsoft Visual Studio Solution File, Format Version 12.00
# Visual Studio Version 17
VisualStudioVersion = 17.1.32328.378
MinimumVisualStudioVersion = 10.0.40219.1
Project("{FAE04EC0-301F-11D3-BF4B-00C04F79EFBC}") = "Questionnarie", "GB Lesson 1\Questionnarie.csproj", "{8D86E158-36A4-46D4-B6CA-BF4E5A5158B8}"
EndProject
Project("{FAE04EC0-301F-11D3-BF4B-00C04F79EFBC}") = "Distance btw dots", "Distance btw dots\Distance btw dots.csproj", "{CFEDCF6A-F9C7-4938-B046-A61D0C914588}"
EndProject
Project("{FAE04EC0-301F-11D3-BF4B-00C04F79EFBC}") = "Var Change Places", "Var Change Places\Var Change Places.csproj", "{A1E7AB3B-0286-4D4F-AEB8-315A53912AF8}"
EndProject
Project("{FAE04EC0-301F-11D3-BF4B-00C04F79EFBC}") = "Print To Screen Center", "Print To Screen Center\Print To Screen Center.csproj", "{7365F0EA-6546-4B2F-9815-F61B96486849}"
EndProject
Global
	GlobalSection(SolutionConfigurationPlatforms) = preSolution
		Debug|Any CPU = Debug|Any CPU
		Release|Any CPU = Release|Any CPU
	EndGlobalSection
	GlobalSection(ProjectConfigurationPlatforms) = postSolution
		{8D86E158-36A4-46D4-B6CA-BF4E5A5158B8}.Debug|Any CPU.ActiveCfg = Debug|Any CPU
		{8D86E158-36A4-46D4-B6CA-BF4E5A5158B8}.Debug|Any CPU.Build.0 = Debug|Any CPU
		{8D86E158-36A4-46D4-B6CA-BF4E5A5158B8}.Release|Any CPU.ActiveCfg = Release|Any CPU
		{8D86E158-36A4-46D4-B6CA-BF4E5A5158B8}.Release|Any CPU.Build.0 = Release|Any CPU
		{CFEDCF6A-F9C7-4938-B046-A61D0C914588}.Debug|Any CPU.ActiveCfg = Debug|Any CPU
		{CFEDCF6A-F9C7-4938-B046-A61D0C914588}.Debug|Any CPU.Build.0 = Debug|Any CPU
		{CFEDCF6A-F9C7-4938-B046-A61D0C914588}.Release|Any CPU.ActiveCfg = Release|Any CPU
		{CFEDCF6A-F9C7-4938-B046-A61D0C914588}.Release|Any CPU.Build.0 = Release|Any CPU
		{A1E7AB3B-0286-4D4F-AEB8-315A53912AF8}.Debug|Any CPU.ActiveCfg = Debug|Any CPU
		{A1E7AB3B-0286-4D4F-AEB8-315A53912AF8}.Debug|Any CPU.Build.0 = Debug|Any CPU
		{A1E7AB3B-0286-4D4F-AEB8-315A53912AF8}.Release|Any CPU.ActiveCfg = Release|Any CPU
		{A1E7AB3B-0286-4D4F-AEB8-315A53912AF8}.Release|Any CPU.Build.0 = Release|Any CPU
		{7365F0EA-6546-4B2F-9815-F61B96486849}.Debug|Any CPU.ActiveCfg = Debug|Any CPU
		{7365F0EA-6546-4B2F-9815-F61B96486849}.Debug|Any CPU.Build.0 = Debug|Any CPU
		{7365F0EA-6546-4B2F-9815-F61B96486849}.Release|Any CPU.ActiveCfg = Release|Any CPU
		{7365F0EA-6546-4B2F-9815-F61B96486849}.Release|Any CPU.Build.0 = Release|Any CPU
	EndGlobalSection
	GlobalSection(SolutionProperties) = preSolution
		HideSolutionNode = FALSE
	EndGlobalSection
	GlobalSection(ExtensibilityGlobals) = postSolution
		SolutionGuid = {CF7A3E7D-693F-4E53-9F37-4DD2AC35B87C}
	EndGlobalSection
EndGlobal
