
Microsoft Visual Studio Solution File, Format Version 12.00
Project("{FAE04EC0-301F-11D3-BF4B-00C04F79EFBC}") = "Task1", "Task1\Task1.csproj", "{75261139-8490-402D-A772-E29E90168583}"
EndProject
Project("{FAE04EC0-301F-11D3-BF4B-00C04F79EFBC}") = "Task2-3", "Task2-3\Task2-3.csproj", "{9EF3943F-2D38-4D56-BC92-0C65E19CA3A7}"
EndProject
Project("{FAE04EC0-301F-11D3-BF4B-00C04F79EFBC}") = "Task4", "Task4\Task4.csproj", "{450C70EA-286D-49C6-8484-4F6324CDF132}"
EndProject
Project("{FAE04EC0-301F-11D3-BF4B-00C04F79EFBC}") = "Task5", "Task5\Task5.csproj", "{E12D8B8A-151B-41A8-A494-36A9241D3309}"
EndProject
Global
	GlobalSection(SolutionConfigurationPlatforms) = preSolution
		Debug|Any CPU = Debug|Any CPU
		Release|Any CPU = Release|Any CPU
	EndGlobalSection
	GlobalSection(ProjectConfigurationPlatforms) = postSolution
		{75261139-8490-402D-A772-E29E90168583}.Debug|Any CPU.ActiveCfg = Debug|Any CPU
		{75261139-8490-402D-A772-E29E90168583}.Debug|Any CPU.Build.0 = Debug|Any CPU
		{75261139-8490-402D-A772-E29E90168583}.Release|Any CPU.ActiveCfg = Release|Any CPU
		{75261139-8490-402D-A772-E29E90168583}.Release|Any CPU.Build.0 = Release|Any CPU
		{9EF3943F-2D38-4D56-BC92-0C65E19CA3A7}.Debug|Any CPU.ActiveCfg = Debug|Any CPU
		{9EF3943F-2D38-4D56-BC92-0C65E19CA3A7}.Debug|Any CPU.Build.0 = Debug|Any CPU
		{9EF3943F-2D38-4D56-BC92-0C65E19CA3A7}.Release|Any CPU.ActiveCfg = Release|Any CPU
		{9EF3943F-2D38-4D56-BC92-0C65E19CA3A7}.Release|Any CPU.Build.0 = Release|Any CPU
		{450C70EA-286D-49C6-8484-4F6324CDF132}.Debug|Any CPU.ActiveCfg = Debug|Any CPU
		{450C70EA-286D-49C6-8484-4F6324CDF132}.Debug|Any CPU.Build.0 = Debug|Any CPU
		{450C70EA-286D-49C6-8484-4F6324CDF132}.Release|Any CPU.ActiveCfg = Release|Any CPU
		{450C70EA-286D-49C6-8484-4F6324CDF132}.Release|Any CPU.Build.0 = Release|Any CPU
		{E12D8B8A-151B-41A8-A494-36A9241D3309}.Debug|Any CPU.ActiveCfg = Debug|Any CPU
		{E12D8B8A-151B-41A8-A494-36A9241D3309}.Debug|Any CPU.Build.0 = Debug|Any CPU
		{E12D8B8A-151B-41A8-A494-36A9241D3309}.Release|Any CPU.ActiveCfg = Release|Any CPU
		{E12D8B8A-151B-41A8-A494-36A9241D3309}.Release|Any CPU.Build.0 = Release|Any CPU
	EndGlobalSection
EndGlobal
