
Microsoft Visual Studio Solution File, Format Version 12.00
Project("{FAE04EC0-301F-11D3-BF4B-00C04F79EFBC}") = "PrintDirectory", "PrintDirectory\PrintDirectory.csproj", "{71442D74-27F6-4FCD-9E4B-8D31B4E4A1EB}"
EndProject
Project("{FAE04EC0-301F-11D3-BF4B-00C04F79EFBC}") = "Task1", "Task1\Task1.csproj", "{86E7D223-76F9-4170-88E9-AC477532DA28}"
EndProject
Project("{FAE04EC0-301F-11D3-BF4B-00C04F79EFBC}") = "Task2", "Task2\Task2.csproj", "{2F1C665D-12B8-4EC7-8963-BBE5547AE826}"
EndProject
Project("{FAE04EC0-301F-11D3-BF4B-00C04F79EFBC}") = "Task3", "Task3\Task3.csproj", "{A0DA9F11-B3AF-4C95-9E13-6DA8044DC83F}"
EndProject
Global
	GlobalSection(SolutionConfigurationPlatforms) = preSolution
		Debug|Any CPU = Debug|Any CPU
		Release|Any CPU = Release|Any CPU
	EndGlobalSection
	GlobalSection(ProjectConfigurationPlatforms) = postSolution
		{71442D74-27F6-4FCD-9E4B-8D31B4E4A1EB}.Debug|Any CPU.ActiveCfg = Debug|Any CPU
		{71442D74-27F6-4FCD-9E4B-8D31B4E4A1EB}.Debug|Any CPU.Build.0 = Debug|Any CPU
		{71442D74-27F6-4FCD-9E4B-8D31B4E4A1EB}.Release|Any CPU.ActiveCfg = Release|Any CPU
		{71442D74-27F6-4FCD-9E4B-8D31B4E4A1EB}.Release|Any CPU.Build.0 = Release|Any CPU
		{86E7D223-76F9-4170-88E9-AC477532DA28}.Debug|Any CPU.ActiveCfg = Debug|Any CPU
		{86E7D223-76F9-4170-88E9-AC477532DA28}.Debug|Any CPU.Build.0 = Debug|Any CPU
		{86E7D223-76F9-4170-88E9-AC477532DA28}.Release|Any CPU.ActiveCfg = Release|Any CPU
		{86E7D223-76F9-4170-88E9-AC477532DA28}.Release|Any CPU.Build.0 = Release|Any CPU
		{2F1C665D-12B8-4EC7-8963-BBE5547AE826}.Debug|Any CPU.ActiveCfg = Debug|Any CPU
		{2F1C665D-12B8-4EC7-8963-BBE5547AE826}.Debug|Any CPU.Build.0 = Debug|Any CPU
		{2F1C665D-12B8-4EC7-8963-BBE5547AE826}.Release|Any CPU.ActiveCfg = Release|Any CPU
		{2F1C665D-12B8-4EC7-8963-BBE5547AE826}.Release|Any CPU.Build.0 = Release|Any CPU
		{A0DA9F11-B3AF-4C95-9E13-6DA8044DC83F}.Debug|Any CPU.ActiveCfg = Debug|Any CPU
		{A0DA9F11-B3AF-4C95-9E13-6DA8044DC83F}.Debug|Any CPU.Build.0 = Debug|Any CPU
		{A0DA9F11-B3AF-4C95-9E13-6DA8044DC83F}.Release|Any CPU.ActiveCfg = Release|Any CPU
		{A0DA9F11-B3AF-4C95-9E13-6DA8044DC83F}.Release|Any CPU.Build.0 = Release|Any CPU
	EndGlobalSection
EndGlobal
